
Microsoft Visual Studio Solution File, Format Version 12.00
# Visual Studio Version 16
VisualStudioVersion = 16.0.29806.167
MinimumVisualStudioVersion = 10.0.40219.1
Project("{FAE04EC0-301F-11D3-BF4B-00C04F79EFBC}") = "LatihanInheritance", "LatihanInheritance\LatihanInheritance.csproj", "{2FE28CB8-5B1F-47DF-B6D2-E1CC62F7D49E}"
EndProject
Global
	GlobalSection(SolutionConfigurationPlatforms) = preSolution
		Debug|Any CPU = Debug|Any CPU
		Release|Any CPU = Release|Any CPU
	EndGlobalSection
	GlobalSection(ProjectConfigurationPlatforms) = postSolution
		{2FE28CB8-5B1F-47DF-B6D2-E1CC62F7D49E}.Debug|Any CPU.ActiveCfg = Debug|Any CPU
		{2FE28CB8-5B1F-47DF-B6D2-E1CC62F7D49E}.Debug|Any CPU.Build.0 = Debug|Any CPU
		{2FE28CB8-5B1F-47DF-B6D2-E1CC62F7D49E}.Release|Any CPU.ActiveCfg = Release|Any CPU
		{2FE28CB8-5B1F-47DF-B6D2-E1CC62F7D49E}.Release|Any CPU.Build.0 = Release|Any CPU
	EndGlobalSection
	GlobalSection(SolutionProperties) = preSolution
		HideSolutionNode = FALSE
	EndGlobalSection
	GlobalSection(ExtensibilityGlobals) = postSolution
		SolutionGuid = {CE09DE39-D200-4C71-9F20-5D152799CFA4}
	EndGlobalSection
EndGlobal
